
Microsoft Visual Studio Solution File, Format Version 12.00
# Visual Studio Version 17
VisualStudioVersion = 17.3.32901.215
MinimumVisualStudioVersion = 10.0.40219.1
Project("{FAE04EC0-301F-11D3-BF4B-00C04F79EFBC}") = "ProductUP", "ProductUP\ProductUP.csproj", "{2BC582B7-0928-4BC0-93AC-F8096B585A28}"
EndProject
Global
	GlobalSection(SolutionConfigurationPlatforms) = preSolution
		Debug|Any CPU = Debug|Any CPU
		Release|Any CPU = Release|Any CPU
	EndGlobalSection
	GlobalSection(ProjectConfigurationPlatforms) = postSolution
		{2BC582B7-0928-4BC0-93AC-F8096B585A28}.Debug|Any CPU.ActiveCfg = Debug|Any CPU
		{2BC582B7-0928-4BC0-93AC-F8096B585A28}.Debug|Any CPU.Build.0 = Debug|Any CPU
		{2BC582B7-0928-4BC0-93AC-F8096B585A28}.Release|Any CPU.ActiveCfg = Release|Any CPU
		{2BC582B7-0928-4BC0-93AC-F8096B585A28}.Release|Any CPU.Build.0 = Release|Any CPU
	EndGlobalSection
	GlobalSection(SolutionProperties) = preSolution
		HideSolutionNode = FALSE
	EndGlobalSection
	GlobalSection(ExtensibilityGlobals) = postSolution
		SolutionGuid = {2E5D87F0-6D52-4CD5-BEC5-E53B2790454C}
	EndGlobalSection
EndGlobal
